{
  "version": 4,
  "terraform_version": "1.5.7",
  "serial": 307,
  "lineage": "c5abb505-cbae-d3e3-494d-62d867923b0a",
  "outputs": {
    "all-availability-domains-in-your-tenancy": {
      "value": [
        {
          "compartment_id": "ocid1.tenancy.oc1..aaaaaaaattfv3wexglwupuljgdms2ynsslw456nkyaseebxygpoo75hzpo4q",
          "id": "ocid1.availabilitydomain.oc1..aaaaaaaakemzo4ywaynz573sk4jpvwuqi7vmcuxajxfv4jjj2pthez3j2hbq",
          "name": "YpQh:PHX-AD-1"
        },
        {
          "compartment_id": "ocid1.tenancy.oc1..aaaaaaaattfv3wexglwupuljgdms2ynsslw456nkyaseebxygpoo75hzpo4q",
          "id": "ocid1.availabilitydomain.oc1..aaaaaaaaupx7ga46w4xbb3fnkoh7rtyumacyb3ek6bw7bt3qff3mgt3mbrlq",
          "name": "YpQh:PHX-AD-2"
        },
        {
          "compartment_id": "ocid1.tenancy.oc1..aaaaaaaattfv3wexglwupuljgdms2ynsslw456nkyaseebxygpoo75hzpo4q",
          "id": "ocid1.availabilitydomain.oc1..aaaaaaaac7uydq54rcymamzauv5pd23qk2g2vqlrfu5jd3y6i6qxpvvzkf7a",
          "name": "YpQh:PHX-AD-3"
        }
      ],
      "type": [
        "list",
        [
          "object",
          {
            "compartment_id": "string",
            "id": "string",
            "name": "string"
          }
        ]
      ]
    },
    "internet_gateway_id": {
      "value": "ocid1.internetgateway.oc1.phx.aaaaaaaaif7ittar67i6ozxxetcopjotm6nutp6ztoi6ryds5tmwxdnr3dsq",
      "type": "string"
    },
    "k8s-cluster-id": {
      "value": "ocid1.cluster.oc1.phx.aaaaaaaabysoqnmt5pbtbm4jjiafs6wrryrernzbdp5crkxrzcp6mejfwvaq",
      "type": "string"
    },
    "myComputePriv1PrivIP": {
      "value": "192.168.2.68",
      "type": "string"
    },
    "myComputePrivPrivIP": {
      "value": "192.168.2.70",
      "type": "string"
    },
    "myComputePublicIP": {
      "value": "129.146.110.244",
      "type": "string"
    },
    "vcn_id": {
      "value": "ocid1.vcn.oc1.phx.amaaaaaaojzvm7yadik4dpb7dt3m36kkr2f4m7teybznu4sizustiie2rgsq",
      "type": "string"
    }
  },
  "resources": [
    {
      "mode": "data",
      "type": "oci_core_images",
      "name": "my_images",
      "provider": "provider[\"registry.terraform.io/oracle/oci\"]",
      "instances": [
        {
          "schema_version": 0,
          "attributes": {
            "compartment_id": "ocid1.compartment.oc1..aaaaaaaauxvgnp5vzih26vddlz5dcsp54jo7yyypec4amf473t2bpe4w7h2q",
            "display_name": null,
            "filter": null,
            "id": "CoreImagesDataSource-978299046",
            "images": [
              {
                "agent_features": [],
                "base_image_id": "",
                "billable_size_in_gbs": "6",
                "compartment_id": "",
                "create_image_allowed": true,
                "defined_tags": {},
                "display_name": "Oracle-Linux-8.10-2024.10.31-0",
                "freeform_tags": {},
                "id": "ocid1.image.oc1.phx.aaaaaaaa47i3k2cqhh4fkoxn5ytnkhjejslkph3757ux5fy3bkhs2hfxwgxq",
                "image_source_details": [],
                "instance_id": "",
                "launch_mode": "NATIVE",
                "launch_options": [
                  {
                    "boot_volume_type": "PARAVIRTUALIZED",
                    "firmware": "UEFI_64",
                    "is_consistent_volume_naming_enabled": true,
                    "is_pv_encryption_in_transit_enabled": true,
                    "network_type": "PARAVIRTUALIZED",
                    "remote_data_volume_type": "PARAVIRTUALIZED"
                  }
                ],
                "listing_type": "",
                "operating_system": "Oracle Linux",
                "operating_system_version": "8",
                "size_in_mbs": "47719",
                "state": "AVAILABLE",
                "time_created": "2024-12-11 05:45:13.408 +0000 UTC"
              },
              {
                "agent_features": [],
                "base_image_id": "",
                "billable_size_in_gbs": "6",
                "compartment_id": "",
                "create_image_allowed": true,
                "defined_tags": {},
                "display_name": "Oracle-Linux-8.10-2024.09.30-0",
                "freeform_tags": {},
                "id": "ocid1.image.oc1.phx.aaaaaaaahgrs3zcwrvutjtni557ttrt62uggseijsmqxacr7dym423uaokcq",
                "image_source_details": [],
                "instance_id": "",
                "launch_mode": "NATIVE",
                "launch_options": [
                  {
                    "boot_volume_type": "PARAVIRTUALIZED",
                    "firmware": "UEFI_64",
                    "is_consistent_volume_naming_enabled": true,
                    "is_pv_encryption_in_transit_enabled": true,
                    "network_type": "PARAVIRTUALIZED",
                    "remote_data_volume_type": "PARAVIRTUALIZED"
                  }
                ],
                "listing_type": "",
                "operating_system": "Oracle Linux",
                "operating_system_version": "8",
                "size_in_mbs": "47719",
                "state": "AVAILABLE",
                "time_created": "2024-10-12 07:11:40.265 +0000 UTC"
              },
              {
                "agent_features": [],
                "base_image_id": "",
                "billable_size_in_gbs": "6",
                "compartment_id": "",
                "create_image_allowed": true,
                "defined_tags": {},
                "display_name": "Oracle-Linux-8.10-2024.08.29-0",
                "freeform_tags": {},
                "id": "ocid1.image.oc1.phx.aaaaaaaafwp5mvvo6l5alkdkd2xy4szmqg6pn3sg2sxzglrvh4wwbhzai72q",
                "image_source_details": [],
                "instance_id": "",
                "launch_mode": "NATIVE",
                "launch_options": [
                  {
                    "boot_volume_type": "PARAVIRTUALIZED",
                    "firmware": "UEFI_64",
                    "is_consistent_volume_naming_enabled": true,
                    "is_pv_encryption_in_transit_enabled": true,
                    "network_type": "PARAVIRTUALIZED",
                    "remote_data_volume_type": "PARAVIRTUALIZED"
                  }
                ],
                "listing_type": "",
                "operating_system": "Oracle Linux",
                "operating_system_version": "8",
                "size_in_mbs": "47719",
                "state": "AVAILABLE",
                "time_created": "2024-09-18 11:33:18.414 +0000 UTC"
              }
            ],
            "operating_system": "Oracle Linux",
            "operating_system_version": "8",
            "shape": "VM.Standard.E2.1.Micro",
            "sort_by": null,
            "sort_order": null,
            "state": null
          },
          "sensitive_attributes": []
        }
      ]
    },
    {
      "mode": "data",
      "type": "oci_core_services",
      "name": "test_services",
      "provider": "provider[\"registry.terraform.io/oracle/oci\"]",
      "instances": [
        {
          "schema_version": 0,
          "attributes": {
            "filter": null,
            "id": "CoreServicesDataSource-0",
            "services": [
              {
                "cidr_block": "all-phx-services-in-oracle-services-network",
                "description": "All PHX Services In Oracle Services Network",
                "id": "ocid1.service.oc1.phx.aaaaaaaasgvxtsqcj2jkt2xppos637xym4ab5qqqptgwjd4guj7v3d26t7oa",
                "name": "All PHX Services In Oracle Services Network"
              },
              {
                "cidr_block": "oci-phx-objectstorage",
                "description": "OCI PHX Object Storage",
                "id": "ocid1.service.oc1.phx.aaaaaaaazp7dkucj2vrojgsu54cjgdqu4bn7gyn6zoi2ds6qa5hrrjggzbdq",
                "name": "OCI PHX Object Storage"
              }
            ]
          },
          "sensitive_attributes": []
        }
      ]
    },
    {
      "mode": "data",
      "type": "oci_identity_availability_domains",
      "name": "ads",
      "provider": "provider[\"registry.terraform.io/oracle/oci\"]",
      "instances": [
        {
          "schema_version": 0,
          "attributes": {
            "availability_domains": [
              {
                "compartment_id": "ocid1.tenancy.oc1..aaaaaaaattfv3wexglwupuljgdms2ynsslw456nkyaseebxygpoo75hzpo4q",
                "id": "ocid1.availabilitydomain.oc1..aaaaaaaakemzo4ywaynz573sk4jpvwuqi7vmcuxajxfv4jjj2pthez3j2hbq",
                "name": "YpQh:PHX-AD-1"
              },
              {
                "compartment_id": "ocid1.tenancy.oc1..aaaaaaaattfv3wexglwupuljgdms2ynsslw456nkyaseebxygpoo75hzpo4q",
                "id": "ocid1.availabilitydomain.oc1..aaaaaaaaupx7ga46w4xbb3fnkoh7rtyumacyb3ek6bw7bt3qff3mgt3mbrlq",
                "name": "YpQh:PHX-AD-2"
              },
              {
                "compartment_id": "ocid1.tenancy.oc1..aaaaaaaattfv3wexglwupuljgdms2ynsslw456nkyaseebxygpoo75hzpo4q",
                "id": "ocid1.availabilitydomain.oc1..aaaaaaaac7uydq54rcymamzauv5pd23qk2g2vqlrfu5jd3y6i6qxpvvzkf7a",
                "name": "YpQh:PHX-AD-3"
              }
            ],
            "compartment_id": "ocid1.tenancy.oc1..aaaaaaaattfv3wexglwupuljgdms2ynsslw456nkyaseebxygpoo75hzpo4q",
            "filter": null,
            "id": "IdentityAvailabilityDomainsDataSource-1040841325"
          },
          "sensitive_attributes": []
        }
      ]
    },
    {
      "mode": "managed",
      "type": "oci_containerengine_cluster",
      "name": "k8s_cluster",
      "provider": "provider[\"registry.terraform.io/oracle/oci\"]",
      "instances": [
        {
          "schema_version": 0,
          "attributes": {
            "available_kubernetes_upgrades": [
              "v1.28.10",
              "v1.29.1"
            ],
            "cluster_pod_network_options": [
              {
                "cni_type": "FLANNEL_OVERLAY"
              }
            ],
            "compartment_id": "ocid1.compartment.oc1..aaaaaaaauxvgnp5vzih26vddlz5dcsp54jo7yyypec4amf473t2bpe4w7h2q",
            "defined_tags": {
              "Oracle-Tags.CreatedBy": "default/tfadmin",
              "Oracle-Tags.CreatedOn": "2025-01-02T14:27:39.078Z"
            },
            "endpoint_config": [
              {
                "is_public_ip_enabled": true,
                "nsg_ids": null,
                "subnet_id": "ocid1.subnet.oc1.phx.aaaaaaaa456d2ksc2i5b3rbpoow3ntanocc5cvbgaogookpq45b7mdjj6g7a"
              }
            ],
            "endpoints": [
              {
                "kubernetes": "",
                "private_endpoint": "192.168.1.196:6443",
                "public_endpoint": "141.148.189.61:6443",
                "vcn_hostname_endpoint": ""
              }
            ],
            "freeform_tags": {},
            "id": "ocid1.cluster.oc1.phx.aaaaaaaabysoqnmt5pbtbm4jjiafs6wrryrernzbdp5crkxrzcp6mejfwvaq",
            "image_policy_config": [
              {
                "is_policy_enabled": false,
                "key_details": []
              }
            ],
            "kms_key_id": null,
            "kubernetes_version": "v1.28.2",
            "lifecycle_details": null,
            "metadata": [
              {
                "created_by_user_id": "ocid1.user.oc1..aaaaaaaaq2gvnwi3cw3nttgpxqvgysfnrvxxjrl6vnjecrevkpgt4t2cqybq",
                "created_by_work_request_id": "ocid1.clustersworkrequest.oc1.phx.aaaaaaaa5bfvk4h6ywegy3tdpzwudwa5e3sqncly5so6xlme4wacpoosyvzq",
                "deleted_by_user_id": "",
                "deleted_by_work_request_id": "",
                "time_created": "2025-01-02 14:27:39 +0000 UTC",
                "time_credential_expiration": "2030-01-02 14:28:06 +0000 UTC",
                "time_deleted": "",
                "time_updated": "",
                "updated_by_user_id": "",
                "updated_by_work_request_id": ""
              }
            ],
            "name": "free_k8s_cluster",
            "open_id_connect_discovery_endpoint": null,
            "options": [
              {
                "add_ons": [
                  {
                    "is_kubernetes_dashboard_enabled": false,
                    "is_tiller_enabled": false
                  }
                ],
                "admission_controller_options": [
                  {
                    "is_pod_security_policy_enabled": false
                  }
                ],
                "kubernetes_network_config": [
                  {
                    "pods_cidr": "10.10.0.0/16",
                    "services_cidr": "10.11.0.0/16"
                  }
                ],
                "open_id_connect_discovery": [],
                "open_id_connect_token_authentication_config": [],
                "persistent_volume_config": [
                  {
                    "defined_tags": {},
                    "freeform_tags": {}
                  }
                ],
                "service_lb_config": [
                  {
                    "defined_tags": {},
                    "freeform_tags": {}
                  }
                ],
                "service_lb_subnet_ids": [
                  "ocid1.subnet.oc1.phx.aaaaaaaa456d2ksc2i5b3rbpoow3ntanocc5cvbgaogookpq45b7mdjj6g7a"
                ]
              }
            ],
            "state": "ACTIVE",
            "timeouts": null,
            "type": "BASIC_CLUSTER",
            "vcn_id": "ocid1.vcn.oc1.phx.amaaaaaaojzvm7yadik4dpb7dt3m36kkr2f4m7teybznu4sizustiie2rgsq"
          },
          "sensitive_attributes": [],
          "private": "eyJlMmJmYjczMC1lY2FhLTExZTYtOGY4OC0zNDM2M2JjN2M0YzAiOnsiY3JlYXRlIjozNjAwMDAwMDAwMDAwLCJkZWxldGUiOjM2MDAwMDAwMDAwMDAsInVwZGF0ZSI6MzYwMDAwMDAwMDAwMH19",
          "dependencies": [
            "oci_core_internet_gateway.igw",
            "oci_core_route_table.test_route_table",
            "oci_core_security_list.web_server",
            "oci_core_subnet.public_subnet",
            "oci_core_vcn.my_vcn"
          ]
        }
      ]
    },
    {
      "mode": "managed",
      "type": "oci_containerengine_node_pool",
      "name": "k8s_node_pool",
      "provider": "provider[\"registry.terraform.io/oracle/oci\"]",
      "instances": [
        {
          "schema_version": 0,
          "attributes": {
            "cluster_id": "ocid1.cluster.oc1.phx.aaaaaaaabysoqnmt5pbtbm4jjiafs6wrryrernzbdp5crkxrzcp6mejfwvaq",
            "compartment_id": "ocid1.compartment.oc1..aaaaaaaauxvgnp5vzih26vddlz5dcsp54jo7yyypec4amf473t2bpe4w7h2q",
            "defined_tags": {
              "Oracle-Tags.CreatedBy": "default/tfadmin",
              "Oracle-Tags.CreatedOn": "2025-01-02T14:36:00.370Z"
            },
            "freeform_tags": {},
            "id": "ocid1.nodepool.oc1.phx.aaaaaaaailt52mxxchab4dxxpqn3f7xcxww55cmwpxdbdwq6envehfq265cq",
            "initial_node_labels": [
              {
                "key": "name",
                "value": "free-k8s-cluster"
              }
            ],
            "kubernetes_version": "v1.28.2",
            "lifecycle_details": null,
            "name": "free-k8s-node-pool",
            "node_config_details": [
              {
                "defined_tags": {},
                "freeform_tags": {},
                "is_pv_encryption_in_transit_enabled": false,
                "kms_key_id": "",
                "node_pool_pod_network_option_details": [
                  {
                    "cni_type": "FLANNEL_OVERLAY",
                    "max_pods_per_node": 0,
                    "pod_nsg_ids": [],
                    "pod_subnet_ids": []
                  }
                ],
                "nsg_ids": [],
                "placement_configs": [
                  {
                    "availability_domain": "YpQh:PHX-AD-3",
                    "capacity_reservation_id": "",
                    "fault_domains": [],
                    "preemptible_node_config": [],
                    "subnet_id": "ocid1.subnet.oc1.phx.aaaaaaaa7zzsywd3pbs57nporsb66sjg6tmwjxsetwmogr2b7ryvcfglghpq"
                  }
                ],
                "size": 2
              }
            ],
            "node_eviction_node_pool_settings": [],
            "node_image_id": "ocid1.image.oc1.phx.aaaaaaaaug4bu37fn6d6ezz7qfvfhqk4bch7gfujrmpyhofwergono3t7waa",
            "node_image_name": "Oracle-Linux-8.10-aarch64-2024.09.30-0",
            "node_metadata": {},
            "node_pool_cycling_details": [],
            "node_shape": "VM.Standard.A1.Flex",
            "node_shape_config": [
              {
                "memory_in_gbs": 6,
                "ocpus": 1
              }
            ],
            "node_source": [
              {
                "image_id": "ocid1.image.oc1.phx.aaaaaaaaug4bu37fn6d6ezz7qfvfhqk4bch7gfujrmpyhofwergono3t7waa",
                "source_name": "Oracle-Linux-8.10-aarch64-2024.09.30-0",
                "source_type": "IMAGE"
              }
            ],
            "node_source_details": [
              {
                "boot_volume_size_in_gbs": "",
                "image_id": "ocid1.image.oc1.phx.aaaaaaaaug4bu37fn6d6ezz7qfvfhqk4bch7gfujrmpyhofwergono3t7waa",
                "source_type": "IMAGE"
              }
            ],
            "nodes": [
              {
                "availability_domain": "YpQh:PHX-AD-3",
                "defined_tags": {},
                "error": [],
                "fault_domain": "FAULT-DOMAIN-1",
                "freeform_tags": {},
                "id": "ocid1.instance.oc1.phx.anyhqljrojzvm7ycttpak5drettzfim3igh37rujsq7zas5fzsudyddua5xq",
                "kubernetes_version": "v1.28.2",
                "lifecycle_details": "",
                "name": "oke-cp6mejfwvaq-nvehfq265cq-syvcfglghpq-0",
                "node_pool_id": "ocid1.nodepool.oc1.phx.aaaaaaaailt52mxxchab4dxxpqn3f7xcxww55cmwpxdbdwq6envehfq265cq",
                "private_ip": "192.168.2.114",
                "public_ip": "",
                "state": "ACTIVE",
                "subnet_id": "ocid1.subnet.oc1.phx.aaaaaaaa7zzsywd3pbs57nporsb66sjg6tmwjxsetwmogr2b7ryvcfglghpq"
              },
              {
                "availability_domain": "YpQh:PHX-AD-3",
                "defined_tags": {},
                "error": [],
                "fault_domain": "FAULT-DOMAIN-2",
                "freeform_tags": {},
                "id": "ocid1.instance.oc1.phx.anyhqljrojzvm7ycdro4xt4fl2mrq2lqrgoqpu664cknuhcrchet2d3nktjq",
                "kubernetes_version": "v1.28.2",
                "lifecycle_details": "",
                "name": "oke-cp6mejfwvaq-nvehfq265cq-syvcfglghpq-1",
                "node_pool_id": "ocid1.nodepool.oc1.phx.aaaaaaaailt52mxxchab4dxxpqn3f7xcxww55cmwpxdbdwq6envehfq265cq",
                "private_ip": "192.168.2.146",
                "public_ip": "",
                "state": "ACTIVE",
                "subnet_id": "ocid1.subnet.oc1.phx.aaaaaaaa7zzsywd3pbs57nporsb66sjg6tmwjxsetwmogr2b7ryvcfglghpq"
              }
            ],
            "quantity_per_subnet": 0,
            "ssh_public_key": "ssh-rsa AAAAB3NzaC1yc2EAAAADAQABAAABAQC+tFDjiyL0Zb5a7jsjXRYOwRcrkGnLbWZBxr7hRBPPTqdd54Kky9MkgYdmhEIefX6tsYu7qWpEIpRTbTfYEkXjQW8XeMLNyDa/UWEV4TSY+9+7YfzKSA+MzmGFSkvU3gIdbDqZ3q/GAtZseB8pKtl8zSXSYDUIMRfaJbIMJDeVvvRWPLaOcWbrnGquU0u8C2qvluuNjAVXL50Y00BzEk+mBSXceXKjlLz846X82qOgjgFfEuhuRVYXRB3b7SIldhwXBGvxA4PgaaM2nl88p8ypGFK6tneWkLY/CqaCQhvJS+tC9yMHz051jrnIIvNgYiFjpOe0DeSPBQF9ET7gSikN id_rsa_key_com\n",
            "state": "ACTIVE",
            "subnet_ids": [
              "ocid1.subnet.oc1.phx.aaaaaaaa7zzsywd3pbs57nporsb66sjg6tmwjxsetwmogr2b7ryvcfglghpq"
            ],
            "timeouts": null
          },
          "sensitive_attributes": [],
          "private": "eyJlMmJmYjczMC1lY2FhLTExZTYtOGY4OC0zNDM2M2JjN2M0YzAiOnsiY3JlYXRlIjozMDAwMDAwMDAwMDAwLCJkZWxldGUiOjMwMDAwMDAwMDAwMDAsInVwZGF0ZSI6MzAwMDAwMDAwMDAwMH19",
          "dependencies": [
            "data.oci_core_services.test_services",
            "data.oci_identity_availability_domains.ads",
            "oci_containerengine_cluster.k8s_cluster",
            "oci_core_internet_gateway.igw",
            "oci_core_nat_gateway.priv_nat_gateway",
            "oci_core_route_table.priv_route_table",
            "oci_core_route_table.test_route_table",
            "oci_core_security_list.priv_server",
            "oci_core_security_list.web_server",
            "oci_core_service_gateway.test_service_gateway",
            "oci_core_subnet.private_subnet",
            "oci_core_subnet.public_subnet",
            "oci_core_vcn.my_vcn"
          ]
        }
      ]
    },
    {
      "mode": "managed",
      "type": "oci_core_instance",
      "name": "myCompute",
      "provider": "provider[\"registry.terraform.io/oracle/oci\"]",
      "instances": [
        {
          "schema_version": 0,
          "attributes": {
            "agent_config": [
              {
                "are_all_plugins_disabled": false,
                "is_management_disabled": false,
                "is_monitoring_disabled": false,
                "plugins_config": []
              }
            ],
            "async": null,
            "availability_config": [
              {
                "is_live_migration_preferred": false,
                "recovery_action": "RESTORE_INSTANCE"
              }
            ],
            "availability_domain": "YpQh:PHX-AD-3",
            "boot_volume_id": "ocid1.bootvolume.oc1.phx.abyhqljr3fcvgpflmbbdx3mugehuhkzfgquvmzsnh34jlamgm73irvups2ca",
            "capacity_reservation_id": null,
            "cluster_placement_group_id": null,
            "compartment_id": "ocid1.compartment.oc1..aaaaaaaauxvgnp5vzih26vddlz5dcsp54jo7yyypec4amf473t2bpe4w7h2q",
            "compute_cluster_id": null,
            "create_vnic_details": [
              {
                "assign_ipv6ip": false,
                "assign_private_dns_record": false,
                "assign_public_ip": "true",
                "defined_tags": {
                  "Oracle-Tags.CreatedBy": "default/tfadmin",
                  "Oracle-Tags.CreatedOn": "2025-01-02T14:27:38.875Z"
                },
                "display_name": "myCompute",
                "freeform_tags": {},
                "hostname_label": "",
                "ipv6address_ipv6subnet_cidr_pair_details": [],
                "nsg_ids": [],
                "private_ip": "192.168.1.156",
                "security_attributes": {},
                "skip_source_dest_check": false,
                "subnet_id": "ocid1.subnet.oc1.phx.aaaaaaaa456d2ksc2i5b3rbpoow3ntanocc5cvbgaogookpq45b7mdjj6g7a",
                "vlan_id": ""
              }
            ],
            "dedicated_vm_host_id": null,
            "defined_tags": {
              "Oracle-Tags.CreatedBy": "default/tfadmin",
              "Oracle-Tags.CreatedOn": "2025-01-02T14:27:38.738Z"
            },
            "display_name": "myCompute",
            "extended_metadata": {},
            "fault_domain": "FAULT-DOMAIN-2",
            "freeform_tags": {},
            "hostname_label": "",
            "id": "ocid1.instance.oc1.phx.anyhqljrojzvm7ycfresjosnkukhxhkrb5gona6my64ckm766bfy6nvcbmaq",
            "image": "ocid1.image.oc1.phx.aaaaaaaaug4bu37fn6d6ezz7qfvfhqk4bch7gfujrmpyhofwergono3t7waa",
            "instance_configuration_id": null,
            "instance_options": [
              {
                "are_legacy_imds_endpoints_disabled": false
              }
            ],
            "ipxe_script": null,
            "is_cross_numa_node": false,
            "is_pv_encryption_in_transit_enabled": null,
            "launch_mode": "PARAVIRTUALIZED",
            "launch_options": [
              {
                "boot_volume_type": "PARAVIRTUALIZED",
                "firmware": "UEFI_64",
                "is_consistent_volume_naming_enabled": true,
                "is_pv_encryption_in_transit_enabled": false,
                "network_type": "PARAVIRTUALIZED",
                "remote_data_volume_type": "PARAVIRTUALIZED"
              }
            ],
            "launch_volume_attachments": null,
            "metadata": {
              "ssh_authorized_keys": "ssh-rsa AAAAB3NzaC1yc2EAAAADAQABAAABAQC+tFDjiyL0Zb5a7jsjXRYOwRcrkGnLbWZBxr7hRBPPTqdd54Kky9MkgYdmhEIefX6tsYu7qWpEIpRTbTfYEkXjQW8XeMLNyDa/UWEV4TSY+9+7YfzKSA+MzmGFSkvU3gIdbDqZ3q/GAtZseB8pKtl8zSXSYDUIMRfaJbIMJDeVvvRWPLaOcWbrnGquU0u8C2qvluuNjAVXL50Y00BzEk+mBSXceXKjlLz846X82qOgjgFfEuhuRVYXRB3b7SIldhwXBGvxA4PgaaM2nl88p8ypGFK6tneWkLY/CqaCQhvJS+tC9yMHz051jrnIIvNgYiFjpOe0DeSPBQF9ET7gSikN id_rsa_key_com\n",
              "user_data": "IyEvYmluL2Jhc2gKc3VkbyB5dW0gaW5zdGFsbCBlcGVsLXJlbGVhc2UgLXkKc3VkbyB5dW0gaW5zdGFsbCBuZ2lueCAteQpzdWRvIHN5c3RlbWN0bCBzdGFydCBuZ2lueApzdWRvIHN5c3RlbWN0bCBlbmFibGUgbmdpbngKc3VkbyBjaG1vZCA3NzcgL3Vzci9zaGFyZS9uZ2lueC9odG1sLyoKc3VkbyBlY2hvICI8aDE+V2VsY29tZSB0byBQdWJsaWMgSFRUUCBTZXJ2ZXI8L2gxPiIgPiAvdXNyL3NoYXJlL25naW54L2h0bWwvaW5kZXguaHRtbApzdWRvIHN5c3RlbWN0bCByZWxvYWQgbmdpbngKc3VkbyBmaXJld2FsbC1jbWQgLS1wZXJtYW5lbnQgLS1hZGQtc2VydmljZT1odHRwCnN1ZG8gZmlyZXdhbGwtY21kIC0tcmVsb2FkCg=="
            },
            "platform_config": [],
            "preemptible_instance_config": [],
            "preserve_boot_volume": false,
            "preserve_data_volumes_created_at_launch": null,
            "private_ip": "192.168.1.156",
            "public_ip": "129.146.110.244",
            "region": "phx",
            "security_attributes": {},
            "security_attributes_state": "STABLE",
            "shape": "VM.Standard.A1.Flex",
            "shape_config": [
              {
                "baseline_ocpu_utilization": "",
                "gpu_description": "",
                "gpus": 0,
                "local_disk_description": "",
                "local_disks": 0,
                "local_disks_total_size_in_gbs": 0,
                "max_vnic_attachments": 2,
                "memory_in_gbs": 6,
                "networking_bandwidth_in_gbps": 1,
                "nvmes": 0,
                "ocpus": 1,
                "processor_description": "3.0 GHz Ampere® Altra™",
                "vcpus": 1
              }
            ],
            "source_details": [
              {
                "boot_volume_size_in_gbs": "47",
                "boot_volume_vpus_per_gb": "10",
                "instance_source_image_filter_details": [],
                "is_preserve_boot_volume_enabled": false,
                "kms_key_id": "",
                "source_id": "ocid1.image.oc1.phx.aaaaaaaaug4bu37fn6d6ezz7qfvfhqk4bch7gfujrmpyhofwergono3t7waa",
                "source_type": "image"
              }
            ],
            "state": "RUNNING",
            "subnet_id": "ocid1.subnet.oc1.phx.aaaaaaaa456d2ksc2i5b3rbpoow3ntanocc5cvbgaogookpq45b7mdjj6g7a",
            "system_tags": {},
            "time_created": "2025-01-02 14:27:39.371 +0000 UTC",
            "time_maintenance_reboot_due": "",
            "timeouts": null,
            "update_operation_constraint": null
          },
          "sensitive_attributes": [],
          "private": "eyJlMmJmYjczMC1lY2FhLTExZTYtOGY4OC0zNDM2M2JjN2M0YzAiOnsiY3JlYXRlIjoyNzAwMDAwMDAwMDAwLCJkZWxldGUiOjQ1MDAwMDAwMDAwMDAsInVwZGF0ZSI6MjcwMDAwMDAwMDAwMH19",
          "dependencies": [
            "data.oci_identity_availability_domains.ads",
            "oci_core_internet_gateway.igw",
            "oci_core_route_table.test_route_table",
            "oci_core_security_list.web_server",
            "oci_core_subnet.public_subnet",
            "oci_core_vcn.my_vcn"
          ]
        }
      ]
    },
    {
      "mode": "managed",
      "type": "oci_core_instance",
      "name": "myComputePriv",
      "provider": "provider[\"registry.terraform.io/oracle/oci\"]",
      "instances": [
        {
          "schema_version": 0,
          "attributes": {
            "agent_config": [
              {
                "are_all_plugins_disabled": false,
                "is_management_disabled": false,
                "is_monitoring_disabled": false,
                "plugins_config": []
              }
            ],
            "async": null,
            "availability_config": [
              {
                "is_live_migration_preferred": false,
                "recovery_action": "RESTORE_INSTANCE"
              }
            ],
            "availability_domain": "YpQh:PHX-AD-3",
            "boot_volume_id": "ocid1.bootvolume.oc1.phx.abyhqljrj45egjznktbqcrugt5fyhzfbtyqdc3t2ktcwrwgcvbnsus4ecnsq",
            "capacity_reservation_id": null,
            "cluster_placement_group_id": null,
            "compartment_id": "ocid1.compartment.oc1..aaaaaaaauxvgnp5vzih26vddlz5dcsp54jo7yyypec4amf473t2bpe4w7h2q",
            "compute_cluster_id": null,
            "create_vnic_details": [
              {
                "assign_ipv6ip": false,
                "assign_private_dns_record": false,
                "assign_public_ip": "false",
                "defined_tags": {
                  "Oracle-Tags.CreatedBy": "default/tfadmin",
                  "Oracle-Tags.CreatedOn": "2025-01-02T14:27:42.268Z"
                },
                "display_name": "myComputePriv",
                "freeform_tags": {},
                "hostname_label": "",
                "ipv6address_ipv6subnet_cidr_pair_details": [],
                "nsg_ids": [],
                "private_ip": "192.168.2.70",
                "security_attributes": {},
                "skip_source_dest_check": false,
                "subnet_id": "ocid1.subnet.oc1.phx.aaaaaaaa7zzsywd3pbs57nporsb66sjg6tmwjxsetwmogr2b7ryvcfglghpq",
                "vlan_id": ""
              }
            ],
            "dedicated_vm_host_id": null,
            "defined_tags": {
              "Oracle-Tags.CreatedBy": "default/tfadmin",
              "Oracle-Tags.CreatedOn": "2025-01-02T14:27:42.131Z"
            },
            "display_name": "myComputePriv",
            "extended_metadata": {},
            "fault_domain": "FAULT-DOMAIN-2",
            "freeform_tags": {},
            "hostname_label": "",
            "id": "ocid1.instance.oc1.phx.anyhqljrojzvm7yccqpdfrbuo4nbwsxqarnnctrb5luwqpke4guv6kmbxlcq",
            "image": "ocid1.image.oc1.phx.aaaaaaaaug4bu37fn6d6ezz7qfvfhqk4bch7gfujrmpyhofwergono3t7waa",
            "instance_configuration_id": null,
            "instance_options": [
              {
                "are_legacy_imds_endpoints_disabled": false
              }
            ],
            "ipxe_script": null,
            "is_cross_numa_node": false,
            "is_pv_encryption_in_transit_enabled": null,
            "launch_mode": "PARAVIRTUALIZED",
            "launch_options": [
              {
                "boot_volume_type": "PARAVIRTUALIZED",
                "firmware": "UEFI_64",
                "is_consistent_volume_naming_enabled": true,
                "is_pv_encryption_in_transit_enabled": false,
                "network_type": "PARAVIRTUALIZED",
                "remote_data_volume_type": "PARAVIRTUALIZED"
              }
            ],
            "launch_volume_attachments": null,
            "metadata": {
              "ssh_authorized_keys": "ssh-rsa AAAAB3NzaC1yc2EAAAADAQABAAABAQC+tFDjiyL0Zb5a7jsjXRYOwRcrkGnLbWZBxr7hRBPPTqdd54Kky9MkgYdmhEIefX6tsYu7qWpEIpRTbTfYEkXjQW8XeMLNyDa/UWEV4TSY+9+7YfzKSA+MzmGFSkvU3gIdbDqZ3q/GAtZseB8pKtl8zSXSYDUIMRfaJbIMJDeVvvRWPLaOcWbrnGquU0u8C2qvluuNjAVXL50Y00BzEk+mBSXceXKjlLz846X82qOgjgFfEuhuRVYXRB3b7SIldhwXBGvxA4PgaaM2nl88p8ypGFK6tneWkLY/CqaCQhvJS+tC9yMHz051jrnIIvNgYiFjpOe0DeSPBQF9ET7gSikN id_rsa_key_com\n",
              "user_data": "IyEvYmluL2Jhc2gKc3VkbyB5dW0gaW5zdGFsbCBlcGVsLXJlbGVhc2UgLXkKc3VkbyB5dW0gaW5zdGFsbCBuZ2lueCAteQpzdWRvIHN5c3RlbWN0bCBzdGFydCBuZ2lueApzdWRvIHN5c3RlbWN0bCBlbmFibGUgbmdpbngKc3VkbyBjaG1vZCA3NzcgL3Vzci9zaGFyZS9uZ2lueC9odG1sLyoKc3VkbyBlY2hvICI8aDE+V2VsY29tZSB0byBOZ2lueCBQcml2YXRlIEhUVFAgU2VydmVyMTwvaDE+IiA+IC91c3Ivc2hhcmUvbmdpbngvaHRtbC9pbmRleC5odG1sCnN1ZG8gc3lzdGVtY3RsIHJlbG9hZCBuZ2lueApzdWRvIGZpcmV3YWxsLWNtZCAtLXBlcm1hbmVudCAtLWFkZC1zZXJ2aWNlPWh0dHAKc3VkbyBmaXJld2FsbC1jbWQgLS1yZWxvYWQK"
            },
            "platform_config": [],
            "preemptible_instance_config": [],
            "preserve_boot_volume": false,
            "preserve_data_volumes_created_at_launch": null,
            "private_ip": "192.168.2.70",
            "public_ip": "",
            "region": "phx",
            "security_attributes": {},
            "security_attributes_state": "STABLE",
            "shape": "VM.Standard.A1.Flex",
            "shape_config": [
              {
                "baseline_ocpu_utilization": "",
                "gpu_description": "",
                "gpus": 0,
                "local_disk_description": "",
                "local_disks": 0,
                "local_disks_total_size_in_gbs": 0,
                "max_vnic_attachments": 2,
                "memory_in_gbs": 6,
                "networking_bandwidth_in_gbps": 1,
                "nvmes": 0,
                "ocpus": 1,
                "processor_description": "3.0 GHz Ampere® Altra™",
                "vcpus": 1
              }
            ],
            "source_details": [
              {
                "boot_volume_size_in_gbs": "47",
                "boot_volume_vpus_per_gb": "10",
                "instance_source_image_filter_details": [],
                "is_preserve_boot_volume_enabled": false,
                "kms_key_id": "",
                "source_id": "ocid1.image.oc1.phx.aaaaaaaaug4bu37fn6d6ezz7qfvfhqk4bch7gfujrmpyhofwergono3t7waa",
                "source_type": "image"
              }
            ],
            "state": "RUNNING",
            "subnet_id": "ocid1.subnet.oc1.phx.aaaaaaaa7zzsywd3pbs57nporsb66sjg6tmwjxsetwmogr2b7ryvcfglghpq",
            "system_tags": {},
            "time_created": "2025-01-02 14:27:42.886 +0000 UTC",
            "time_maintenance_reboot_due": "",
            "timeouts": null,
            "update_operation_constraint": null
          },
          "sensitive_attributes": [],
          "private": "eyJlMmJmYjczMC1lY2FhLTExZTYtOGY4OC0zNDM2M2JjN2M0YzAiOnsiY3JlYXRlIjoyNzAwMDAwMDAwMDAwLCJkZWxldGUiOjQ1MDAwMDAwMDAwMDAsInVwZGF0ZSI6MjcwMDAwMDAwMDAwMH19",
          "dependencies": [
            "data.oci_core_services.test_services",
            "data.oci_identity_availability_domains.ads",
            "oci_core_nat_gateway.priv_nat_gateway",
            "oci_core_route_table.priv_route_table",
            "oci_core_security_list.priv_server",
            "oci_core_service_gateway.test_service_gateway",
            "oci_core_subnet.private_subnet",
            "oci_core_vcn.my_vcn"
          ]
        }
      ]
    },
    {
      "mode": "managed",
      "type": "oci_core_instance",
      "name": "myComputePriv1",
      "provider": "provider[\"registry.terraform.io/oracle/oci\"]",
      "instances": [
        {
          "schema_version": 0,
          "attributes": {
            "agent_config": [
              {
                "are_all_plugins_disabled": false,
                "is_management_disabled": false,
                "is_monitoring_disabled": false,
                "plugins_config": []
              }
            ],
            "async": null,
            "availability_config": [
              {
                "is_live_migration_preferred": false,
                "recovery_action": "RESTORE_INSTANCE"
              }
            ],
            "availability_domain": "YpQh:PHX-AD-3",
            "boot_volume_id": "ocid1.bootvolume.oc1.phx.abyhqljrw3flz4abht44u6kcbgmxfpxgxclmdhvl3cmhpg7sw2xiafrj6rza",
            "capacity_reservation_id": null,
            "cluster_placement_group_id": null,
            "compartment_id": "ocid1.compartment.oc1..aaaaaaaauxvgnp5vzih26vddlz5dcsp54jo7yyypec4amf473t2bpe4w7h2q",
            "compute_cluster_id": null,
            "create_vnic_details": [
              {
                "assign_ipv6ip": false,
                "assign_private_dns_record": false,
                "assign_public_ip": "false",
                "defined_tags": {
                  "Oracle-Tags.CreatedBy": "default/tfadmin",
                  "Oracle-Tags.CreatedOn": "2025-01-02T14:27:42.241Z"
                },
                "display_name": "myComputePriv1",
                "freeform_tags": {},
                "hostname_label": "",
                "ipv6address_ipv6subnet_cidr_pair_details": [],
                "nsg_ids": [],
                "private_ip": "192.168.2.68",
                "security_attributes": {},
                "skip_source_dest_check": false,
                "subnet_id": "ocid1.subnet.oc1.phx.aaaaaaaa7zzsywd3pbs57nporsb66sjg6tmwjxsetwmogr2b7ryvcfglghpq",
                "vlan_id": ""
              }
            ],
            "dedicated_vm_host_id": null,
            "defined_tags": {
              "Oracle-Tags.CreatedBy": "default/tfadmin",
              "Oracle-Tags.CreatedOn": "2025-01-02T14:27:42.094Z"
            },
            "display_name": "myComputePriv1",
            "extended_metadata": {},
            "fault_domain": "FAULT-DOMAIN-2",
            "freeform_tags": {},
            "hostname_label": "",
            "id": "ocid1.instance.oc1.phx.anyhqljrojzvm7yctzzdq4aecapjxukfwj2xtqueqky5j2b2xrfwbudmet7q",
            "image": "ocid1.image.oc1.phx.aaaaaaaaug4bu37fn6d6ezz7qfvfhqk4bch7gfujrmpyhofwergono3t7waa",
            "instance_configuration_id": null,
            "instance_options": [
              {
                "are_legacy_imds_endpoints_disabled": false
              }
            ],
            "ipxe_script": null,
            "is_cross_numa_node": false,
            "is_pv_encryption_in_transit_enabled": null,
            "launch_mode": "PARAVIRTUALIZED",
            "launch_options": [
              {
                "boot_volume_type": "PARAVIRTUALIZED",
                "firmware": "UEFI_64",
                "is_consistent_volume_naming_enabled": true,
                "is_pv_encryption_in_transit_enabled": false,
                "network_type": "PARAVIRTUALIZED",
                "remote_data_volume_type": "PARAVIRTUALIZED"
              }
            ],
            "launch_volume_attachments": null,
            "metadata": {
              "ssh_authorized_keys": "ssh-rsa AAAAB3NzaC1yc2EAAAADAQABAAABAQC+tFDjiyL0Zb5a7jsjXRYOwRcrkGnLbWZBxr7hRBPPTqdd54Kky9MkgYdmhEIefX6tsYu7qWpEIpRTbTfYEkXjQW8XeMLNyDa/UWEV4TSY+9+7YfzKSA+MzmGFSkvU3gIdbDqZ3q/GAtZseB8pKtl8zSXSYDUIMRfaJbIMJDeVvvRWPLaOcWbrnGquU0u8C2qvluuNjAVXL50Y00BzEk+mBSXceXKjlLz846X82qOgjgFfEuhuRVYXRB3b7SIldhwXBGvxA4PgaaM2nl88p8ypGFK6tneWkLY/CqaCQhvJS+tC9yMHz051jrnIIvNgYiFjpOe0DeSPBQF9ET7gSikN id_rsa_key_com\n",
              "user_data": "IyEvYmluL2Jhc2gKc3VkbyB5dW0gaW5zdGFsbCBlcGVsLXJlbGVhc2UgLXkKc3VkbyB5dW0gaW5zdGFsbCBuZ2lueCAteQpzdWRvIHN5c3RlbWN0bCBzdGFydCBuZ2lueApzdWRvIHN5c3RlbWN0bCBlbmFibGUgbmdpbngKc3VkbyBjaG1vZCA3NzcgL3Vzci9zaGFyZS9uZ2lueC9odG1sLyoKc3VkbyBlY2hvICI8aDE+V2VsY29tZSB0byBOZ2lueCBQcml2YXRlIEhUVFAgU2VydmVyMjwvaDE+IiA+IC91c3Ivc2hhcmUvbmdpbngvaHRtbC9pbmRleC5odG1sCnN1ZG8gc3lzdGVtY3RsIHJlbG9hZCBuZ2lueApzdWRvIGZpcmV3YWxsLWNtZCAtLXBlcm1hbmVudCAtLWFkZC1zZXJ2aWNlPWh0dHAKc3VkbyBmaXJld2FsbC1jbWQgLS1yZWxvYWQK"
            },
            "platform_config": [],
            "preemptible_instance_config": [],
            "preserve_boot_volume": false,
            "preserve_data_volumes_created_at_launch": null,
            "private_ip": "192.168.2.68",
            "public_ip": "",
            "region": "phx",
            "security_attributes": {},
            "security_attributes_state": "STABLE",
            "shape": "VM.Standard.A1.Flex",
            "shape_config": [
              {
                "baseline_ocpu_utilization": "",
                "gpu_description": "",
                "gpus": 0,
                "local_disk_description": "",
                "local_disks": 0,
                "local_disks_total_size_in_gbs": 0,
                "max_vnic_attachments": 2,
                "memory_in_gbs": 6,
                "networking_bandwidth_in_gbps": 1,
                "nvmes": 0,
                "ocpus": 1,
                "processor_description": "3.0 GHz Ampere® Altra™",
                "vcpus": 1
              }
            ],
            "source_details": [
              {
                "boot_volume_size_in_gbs": "47",
                "boot_volume_vpus_per_gb": "10",
                "instance_source_image_filter_details": [],
                "is_preserve_boot_volume_enabled": false,
                "kms_key_id": "",
                "source_id": "ocid1.image.oc1.phx.aaaaaaaaug4bu37fn6d6ezz7qfvfhqk4bch7gfujrmpyhofwergono3t7waa",
                "source_type": "image"
              }
            ],
            "state": "RUNNING",
            "subnet_id": "ocid1.subnet.oc1.phx.aaaaaaaa7zzsywd3pbs57nporsb66sjg6tmwjxsetwmogr2b7ryvcfglghpq",
            "system_tags": {},
            "time_created": "2025-01-02 14:27:42.762 +0000 UTC",
            "time_maintenance_reboot_due": "",
            "timeouts": null,
            "update_operation_constraint": null
          },
          "sensitive_attributes": [],
          "private": "eyJlMmJmYjczMC1lY2FhLTExZTYtOGY4OC0zNDM2M2JjN2M0YzAiOnsiY3JlYXRlIjoyNzAwMDAwMDAwMDAwLCJkZWxldGUiOjQ1MDAwMDAwMDAwMDAsInVwZGF0ZSI6MjcwMDAwMDAwMDAwMH19",
          "dependencies": [
            "data.oci_core_services.test_services",
            "data.oci_identity_availability_domains.ads",
            "oci_core_nat_gateway.priv_nat_gateway",
            "oci_core_route_table.priv_route_table",
            "oci_core_security_list.priv_server",
            "oci_core_service_gateway.test_service_gateway",
            "oci_core_subnet.private_subnet",
            "oci_core_vcn.my_vcn"
          ]
        }
      ]
    },
    {
      "mode": "managed",
      "type": "oci_core_internet_gateway",
      "name": "igw",
      "provider": "provider[\"registry.terraform.io/oracle/oci\"]",
      "instances": [
        {
          "schema_version": 0,
          "attributes": {
            "compartment_id": "ocid1.compartment.oc1..aaaaaaaauxvgnp5vzih26vddlz5dcsp54jo7yyypec4amf473t2bpe4w7h2q",
            "defined_tags": {
              "Oracle-Tags.CreatedBy": "default/tfadmin",
              "Oracle-Tags.CreatedOn": "2025-01-02T14:27:35.396Z"
            },
            "display_name": "my_vcn_igw",
            "enabled": true,
            "freeform_tags": {},
            "id": "ocid1.internetgateway.oc1.phx.aaaaaaaaif7ittar67i6ozxxetcopjotm6nutp6ztoi6ryds5tmwxdnr3dsq",
            "route_table_id": null,
            "state": "AVAILABLE",
            "time_created": "2025-01-02 14:27:35.44 +0000 UTC",
            "timeouts": null,
            "vcn_id": "ocid1.vcn.oc1.phx.amaaaaaaojzvm7yadik4dpb7dt3m36kkr2f4m7teybznu4sizustiie2rgsq"
          },
          "sensitive_attributes": [],
          "private": "eyJlMmJmYjczMC1lY2FhLTExZTYtOGY4OC0zNDM2M2JjN2M0YzAiOnsiY3JlYXRlIjoxMjAwMDAwMDAwMDAwLCJkZWxldGUiOjEyMDAwMDAwMDAwMDAsInVwZGF0ZSI6MTIwMDAwMDAwMDAwMH19",
          "dependencies": [
            "oci_core_vcn.my_vcn"
          ]
        }
      ]
    },
    {
      "mode": "managed",
      "type": "oci_core_nat_gateway",
      "name": "priv_nat_gateway",
      "provider": "provider[\"registry.terraform.io/oracle/oci\"]",
      "instances": [
        {
          "schema_version": 0,
          "attributes": {
            "block_traffic": false,
            "compartment_id": "ocid1.compartment.oc1..aaaaaaaauxvgnp5vzih26vddlz5dcsp54jo7yyypec4amf473t2bpe4w7h2q",
            "defined_tags": {
              "Oracle-Tags.CreatedBy": "default/tfadmin",
              "Oracle-Tags.CreatedOn": "2025-01-02T14:27:35.758Z"
            },
            "display_name": "priv_nat_gw",
            "freeform_tags": {},
            "id": "ocid1.natgateway.oc1.phx.aaaaaaaagz2xydbmimhe5oqicvlmusrlzg5jrqkhliiogmam6btrypgraxbq",
            "nat_ip": "141.148.141.86",
            "public_ip_id": "ocid1.publicip.oc1.phx.aaaaaaaapor3o34xdmtfszmnles74uvnylhprgc7ybydokmpfgxdc3z7vwra",
            "route_table_id": null,
            "state": "AVAILABLE",
            "time_created": "2025-01-02 14:27:35.968 +0000 UTC",
            "timeouts": null,
            "vcn_id": "ocid1.vcn.oc1.phx.amaaaaaaojzvm7yadik4dpb7dt3m36kkr2f4m7teybznu4sizustiie2rgsq"
          },
          "sensitive_attributes": [],
          "private": "eyJlMmJmYjczMC1lY2FhLTExZTYtOGY4OC0zNDM2M2JjN2M0YzAiOnsiY3JlYXRlIjoxMjAwMDAwMDAwMDAwLCJkZWxldGUiOjEyMDAwMDAwMDAwMDAsInVwZGF0ZSI6MTIwMDAwMDAwMDAwMH19",
          "dependencies": [
            "oci_core_vcn.my_vcn"
          ]
        }
      ]
    },
    {
      "mode": "managed",
      "type": "oci_core_route_table",
      "name": "priv_route_table",
      "provider": "provider[\"registry.terraform.io/oracle/oci\"]",
      "instances": [
        {
          "schema_version": 0,
          "attributes": {
            "compartment_id": "ocid1.compartment.oc1..aaaaaaaauxvgnp5vzih26vddlz5dcsp54jo7yyypec4amf473t2bpe4w7h2q",
            "defined_tags": {
              "Oracle-Tags.CreatedBy": "default/tfadmin",
              "Oracle-Tags.CreatedOn": "2025-01-02T14:27:39.491Z"
            },
            "display_name": "priv_route_table",
            "freeform_tags": {},
            "id": "ocid1.routetable.oc1.phx.aaaaaaaagphkqs4zrlha2qvezlxwersjk2m5i5kezzd4l2c6ggin6m2fykpa",
            "route_rules": [
              {
                "cidr_block": "",
                "description": "",
                "destination": "0.0.0.0/0",
                "destination_type": "CIDR_BLOCK",
                "network_entity_id": "ocid1.natgateway.oc1.phx.aaaaaaaagz2xydbmimhe5oqicvlmusrlzg5jrqkhliiogmam6btrypgraxbq",
                "route_type": ""
              },
              {
                "cidr_block": "",
                "description": "",
                "destination": "all-phx-services-in-oracle-services-network",
                "destination_type": "SERVICE_CIDR_BLOCK",
                "network_entity_id": "ocid1.servicegateway.oc1.phx.aaaaaaaar4ekodt5epqt2uvmv2bcx2xqd2kae3nmjrnacmu45dnqc6qcdkda",
                "route_type": ""
              }
            ],
            "state": "AVAILABLE",
            "time_created": "2025-01-02 14:27:39.533 +0000 UTC",
            "timeouts": null,
            "vcn_id": "ocid1.vcn.oc1.phx.amaaaaaaojzvm7yadik4dpb7dt3m36kkr2f4m7teybznu4sizustiie2rgsq"
          },
          "sensitive_attributes": [],
          "private": "eyJlMmJmYjczMC1lY2FhLTExZTYtOGY4OC0zNDM2M2JjN2M0YzAiOnsiY3JlYXRlIjoxMjAwMDAwMDAwMDAwLCJkZWxldGUiOjEyMDAwMDAwMDAwMDAsInVwZGF0ZSI6MTIwMDAwMDAwMDAwMH19",
          "dependencies": [
            "data.oci_core_services.test_services",
            "oci_core_nat_gateway.priv_nat_gateway",
            "oci_core_service_gateway.test_service_gateway",
            "oci_core_vcn.my_vcn"
          ]
        }
      ]
    },
    {
      "mode": "managed",
      "type": "oci_core_route_table",
      "name": "test_route_table",
      "provider": "provider[\"registry.terraform.io/oracle/oci\"]",
      "instances": [
        {
          "schema_version": 0,
          "attributes": {
            "compartment_id": "ocid1.compartment.oc1..aaaaaaaauxvgnp5vzih26vddlz5dcsp54jo7yyypec4amf473t2bpe4w7h2q",
            "defined_tags": {
              "Oracle-Tags.CreatedBy": "default/tfadmin",
              "Oracle-Tags.CreatedOn": "2025-01-02T14:27:36.150Z"
            },
            "display_name": "test_route_table",
            "freeform_tags": {},
            "id": "ocid1.routetable.oc1.phx.aaaaaaaatkz46rsha4nhbmaz6zzc2ztgp5mzwrd2zw24loj45txmn5xcnshq",
            "route_rules": [
              {
                "cidr_block": "",
                "description": "",
                "destination": "0.0.0.0/0",
                "destination_type": "CIDR_BLOCK",
                "network_entity_id": "ocid1.internetgateway.oc1.phx.aaaaaaaaif7ittar67i6ozxxetcopjotm6nutp6ztoi6ryds5tmwxdnr3dsq",
                "route_type": ""
              }
            ],
            "state": "AVAILABLE",
            "time_created": "2025-01-02 14:27:36.175 +0000 UTC",
            "timeouts": null,
            "vcn_id": "ocid1.vcn.oc1.phx.amaaaaaaojzvm7yadik4dpb7dt3m36kkr2f4m7teybznu4sizustiie2rgsq"
          },
          "sensitive_attributes": [],
          "private": "eyJlMmJmYjczMC1lY2FhLTExZTYtOGY4OC0zNDM2M2JjN2M0YzAiOnsiY3JlYXRlIjoxMjAwMDAwMDAwMDAwLCJkZWxldGUiOjEyMDAwMDAwMDAwMDAsInVwZGF0ZSI6MTIwMDAwMDAwMDAwMH19",
          "dependencies": [
            "oci_core_internet_gateway.igw",
            "oci_core_vcn.my_vcn"
          ]
        }
      ]
    },
    {
      "mode": "managed",
      "type": "oci_core_security_list",
      "name": "priv_server",
      "provider": "provider[\"registry.terraform.io/oracle/oci\"]",
      "instances": [
        {
          "schema_version": 0,
          "attributes": {
            "compartment_id": "ocid1.compartment.oc1..aaaaaaaauxvgnp5vzih26vddlz5dcsp54jo7yyypec4amf473t2bpe4w7h2q",
            "defined_tags": {
              "Oracle-Tags.CreatedBy": "default/tfadmin",
              "Oracle-Tags.CreatedOn": "2025-01-02T14:27:35.714Z"
            },
            "display_name": "priv-server-security-list",
            "egress_security_rules": [
              {
                "description": "",
                "destination": "0.0.0.0/0",
                "destination_type": "CIDR_BLOCK",
                "icmp_options": [],
                "protocol": "all",
                "stateless": false,
                "tcp_options": [],
                "udp_options": []
              }
            ],
            "freeform_tags": {},
            "id": "ocid1.securitylist.oc1.phx.aaaaaaaamv6dx64hwaczgiweqje5lkhkn56wotz5fdxmqywc2syk24cxgi6a",
            "ingress_security_rules": [
              {
                "description": "",
                "icmp_options": [],
                "protocol": "6",
                "source": "192.168.0.0/16",
                "source_type": "CIDR_BLOCK",
                "stateless": false,
                "tcp_options": [
                  {
                    "max": 22,
                    "min": 22,
                    "source_port_range": []
                  }
                ],
                "udp_options": []
              },
              {
                "description": "",
                "icmp_options": [],
                "protocol": "all",
                "source": "192.168.0.0/16",
                "source_type": "CIDR_BLOCK",
                "stateless": false,
                "tcp_options": [],
                "udp_options": []
              }
            ],
            "state": "AVAILABLE",
            "time_created": "2025-01-02 14:27:35.764 +0000 UTC",
            "timeouts": null,
            "vcn_id": "ocid1.vcn.oc1.phx.amaaaaaaojzvm7yadik4dpb7dt3m36kkr2f4m7teybznu4sizustiie2rgsq"
          },
          "sensitive_attributes": [],
          "private": "eyJlMmJmYjczMC1lY2FhLTExZTYtOGY4OC0zNDM2M2JjN2M0YzAiOnsiY3JlYXRlIjoxMjAwMDAwMDAwMDAwLCJkZWxldGUiOjEyMDAwMDAwMDAwMDAsInVwZGF0ZSI6MTIwMDAwMDAwMDAwMH19",
          "dependencies": [
            "oci_core_vcn.my_vcn"
          ]
        }
      ]
    },
    {
      "mode": "managed",
      "type": "oci_core_security_list",
      "name": "web_server",
      "provider": "provider[\"registry.terraform.io/oracle/oci\"]",
      "instances": [
        {
          "schema_version": 0,
          "attributes": {
            "compartment_id": "ocid1.compartment.oc1..aaaaaaaauxvgnp5vzih26vddlz5dcsp54jo7yyypec4amf473t2bpe4w7h2q",
            "defined_tags": {
              "Oracle-Tags.CreatedBy": "default/tfadmin",
              "Oracle-Tags.CreatedOn": "2025-01-02T14:27:35.895Z"
            },
            "display_name": "web-server-security-list",
            "egress_security_rules": [
              {
                "description": "",
                "destination": "0.0.0.0/0",
                "destination_type": "CIDR_BLOCK",
                "icmp_options": [],
                "protocol": "all",
                "stateless": false,
                "tcp_options": [],
                "udp_options": []
              }
            ],
            "freeform_tags": {},
            "id": "ocid1.securitylist.oc1.phx.aaaaaaaalxf2xpkidonstar5xkh6tekmtattg3csj34hcuxd2yglnv4ae5xq",
            "ingress_security_rules": [
              {
                "description": "",
                "icmp_options": [],
                "protocol": "6",
                "source": "0.0.0.0/0",
                "source_type": "CIDR_BLOCK",
                "stateless": false,
                "tcp_options": [
                  {
                    "max": 22,
                    "min": 22,
                    "source_port_range": []
                  }
                ],
                "udp_options": []
              },
              {
                "description": "",
                "icmp_options": [],
                "protocol": "6",
                "source": "0.0.0.0/0",
                "source_type": "CIDR_BLOCK",
                "stateless": false,
                "tcp_options": [
                  {
                    "max": 6443,
                    "min": 6443,
                    "source_port_range": []
                  }
                ],
                "udp_options": []
              },
              {
                "description": "",
                "icmp_options": [],
                "protocol": "all",
                "source": "192.168.0.0/16",
                "source_type": "CIDR_BLOCK",
                "stateless": false,
                "tcp_options": [],
                "udp_options": []
              }
            ],
            "state": "AVAILABLE",
            "time_created": "2025-01-02 14:27:36.034 +0000 UTC",
            "timeouts": null,
            "vcn_id": "ocid1.vcn.oc1.phx.amaaaaaaojzvm7yadik4dpb7dt3m36kkr2f4m7teybznu4sizustiie2rgsq"
          },
          "sensitive_attributes": [],
          "private": "eyJlMmJmYjczMC1lY2FhLTExZTYtOGY4OC0zNDM2M2JjN2M0YzAiOnsiY3JlYXRlIjoxMjAwMDAwMDAwMDAwLCJkZWxldGUiOjEyMDAwMDAwMDAwMDAsInVwZGF0ZSI6MTIwMDAwMDAwMDAwMH19",
          "dependencies": [
            "oci_core_vcn.my_vcn"
          ]
        }
      ]
    },
    {
      "mode": "managed",
      "type": "oci_core_service_gateway",
      "name": "test_service_gateway",
      "provider": "provider[\"registry.terraform.io/oracle/oci\"]",
      "instances": [
        {
          "schema_version": 0,
          "attributes": {
            "block_traffic": false,
            "compartment_id": "ocid1.compartment.oc1..aaaaaaaauxvgnp5vzih26vddlz5dcsp54jo7yyypec4amf473t2bpe4w7h2q",
            "defined_tags": {
              "Oracle-Tags.CreatedBy": "default/tfadmin",
              "Oracle-Tags.CreatedOn": "2025-01-02T14:27:35.727Z"
            },
            "display_name": "servicegateway20250102142737",
            "freeform_tags": {},
            "id": "ocid1.servicegateway.oc1.phx.aaaaaaaar4ekodt5epqt2uvmv2bcx2xqd2kae3nmjrnacmu45dnqc6qcdkda",
            "route_table_id": null,
            "services": [
              {
                "service_id": "ocid1.service.oc1.phx.aaaaaaaasgvxtsqcj2jkt2xppos637xym4ab5qqqptgwjd4guj7v3d26t7oa",
                "service_name": "All PHX Services In Oracle Services Network"
              }
            ],
            "state": "AVAILABLE",
            "time_created": "2025-01-02 14:27:37.43 +0000 UTC",
            "timeouts": null,
            "vcn_id": "ocid1.vcn.oc1.phx.amaaaaaaojzvm7yadik4dpb7dt3m36kkr2f4m7teybznu4sizustiie2rgsq"
          },
          "sensitive_attributes": [],
          "private": "eyJlMmJmYjczMC1lY2FhLTExZTYtOGY4OC0zNDM2M2JjN2M0YzAiOnsiY3JlYXRlIjoxMjAwMDAwMDAwMDAwLCJkZWxldGUiOjEyMDAwMDAwMDAwMDAsInVwZGF0ZSI6MTIwMDAwMDAwMDAwMH19",
          "dependencies": [
            "data.oci_core_services.test_services",
            "oci_core_vcn.my_vcn"
          ]
        }
      ]
    },
    {
      "mode": "managed",
      "type": "oci_core_subnet",
      "name": "private_subnet",
      "provider": "provider[\"registry.terraform.io/oracle/oci\"]",
      "instances": [
        {
          "schema_version": 0,
          "attributes": {
            "availability_domain": null,
            "cidr_block": "192.168.2.0/24",
            "compartment_id": "ocid1.compartment.oc1..aaaaaaaauxvgnp5vzih26vddlz5dcsp54jo7yyypec4amf473t2bpe4w7h2q",
            "defined_tags": {
              "Oracle-Tags.CreatedBy": "default/tfadmin",
              "Oracle-Tags.CreatedOn": "2025-01-02T14:27:40.172Z"
            },
            "dhcp_options_id": "ocid1.dhcpoptions.oc1.phx.aaaaaaaaxyi3nplkfqhponwdhz5ezn2u43mlcx4ljhivmm747nnlj6timfdq",
            "display_name": "my_vcn_private_subnet",
            "dns_label": null,
            "freeform_tags": {},
            "id": "ocid1.subnet.oc1.phx.aaaaaaaa7zzsywd3pbs57nporsb66sjg6tmwjxsetwmogr2b7ryvcfglghpq",
            "ipv6cidr_block": null,
            "ipv6cidr_blocks": [],
            "ipv6virtual_router_ip": null,
            "prohibit_internet_ingress": true,
            "prohibit_public_ip_on_vnic": true,
            "route_table_id": "ocid1.routetable.oc1.phx.aaaaaaaagphkqs4zrlha2qvezlxwersjk2m5i5kezzd4l2c6ggin6m2fykpa",
            "security_list_ids": [
              "ocid1.securitylist.oc1.phx.aaaaaaaamv6dx64hwaczgiweqje5lkhkn56wotz5fdxmqywc2syk24cxgi6a"
            ],
            "state": "AVAILABLE",
            "subnet_domain_name": null,
            "time_created": "2025-01-02 14:27:40.218 +0000 UTC",
            "timeouts": null,
            "vcn_id": "ocid1.vcn.oc1.phx.amaaaaaaojzvm7yadik4dpb7dt3m36kkr2f4m7teybznu4sizustiie2rgsq",
            "virtual_router_ip": "192.168.2.1",
            "virtual_router_mac": "00:00:17:72:EC:29"
          },
          "sensitive_attributes": [],
          "private": "eyJlMmJmYjczMC1lY2FhLTExZTYtOGY4OC0zNDM2M2JjN2M0YzAiOnsiY3JlYXRlIjoxMjAwMDAwMDAwMDAwLCJkZWxldGUiOjEyMDAwMDAwMDAwMDAsInVwZGF0ZSI6MTIwMDAwMDAwMDAwMH19",
          "dependencies": [
            "data.oci_core_services.test_services",
            "oci_core_nat_gateway.priv_nat_gateway",
            "oci_core_route_table.priv_route_table",
            "oci_core_security_list.priv_server",
            "oci_core_service_gateway.test_service_gateway",
            "oci_core_vcn.my_vcn"
          ]
        }
      ]
    },
    {
      "mode": "managed",
      "type": "oci_core_subnet",
      "name": "public_subnet",
      "provider": "provider[\"registry.terraform.io/oracle/oci\"]",
      "instances": [
        {
          "schema_version": 0,
          "attributes": {
            "availability_domain": null,
            "cidr_block": "192.168.1.0/24",
            "compartment_id": "ocid1.compartment.oc1..aaaaaaaauxvgnp5vzih26vddlz5dcsp54jo7yyypec4amf473t2bpe4w7h2q",
            "defined_tags": {
              "Oracle-Tags.CreatedBy": "default/tfadmin",
              "Oracle-Tags.CreatedOn": "2025-01-02T14:27:36.750Z"
            },
            "dhcp_options_id": "ocid1.dhcpoptions.oc1.phx.aaaaaaaaxyi3nplkfqhponwdhz5ezn2u43mlcx4ljhivmm747nnlj6timfdq",
            "display_name": "my_vcn_public_subnet",
            "dns_label": null,
            "freeform_tags": {},
            "id": "ocid1.subnet.oc1.phx.aaaaaaaa456d2ksc2i5b3rbpoow3ntanocc5cvbgaogookpq45b7mdjj6g7a",
            "ipv6cidr_block": null,
            "ipv6cidr_blocks": [],
            "ipv6virtual_router_ip": null,
            "prohibit_internet_ingress": false,
            "prohibit_public_ip_on_vnic": false,
            "route_table_id": "ocid1.routetable.oc1.phx.aaaaaaaatkz46rsha4nhbmaz6zzc2ztgp5mzwrd2zw24loj45txmn5xcnshq",
            "security_list_ids": [
              "ocid1.securitylist.oc1.phx.aaaaaaaalxf2xpkidonstar5xkh6tekmtattg3csj34hcuxd2yglnv4ae5xq"
            ],
            "state": "AVAILABLE",
            "subnet_domain_name": null,
            "time_created": "2025-01-02 14:27:36.803 +0000 UTC",
            "timeouts": null,
            "vcn_id": "ocid1.vcn.oc1.phx.amaaaaaaojzvm7yadik4dpb7dt3m36kkr2f4m7teybznu4sizustiie2rgsq",
            "virtual_router_ip": "192.168.1.1",
            "virtual_router_mac": "00:00:17:72:EC:29"
          },
          "sensitive_attributes": [],
          "private": "eyJlMmJmYjczMC1lY2FhLTExZTYtOGY4OC0zNDM2M2JjN2M0YzAiOnsiY3JlYXRlIjoxMjAwMDAwMDAwMDAwLCJkZWxldGUiOjEyMDAwMDAwMDAwMDAsInVwZGF0ZSI6MTIwMDAwMDAwMDAwMH19",
          "dependencies": [
            "oci_core_internet_gateway.igw",
            "oci_core_route_table.test_route_table",
            "oci_core_security_list.web_server",
            "oci_core_vcn.my_vcn"
          ]
        }
      ]
    },
    {
      "mode": "managed",
      "type": "oci_core_vcn",
      "name": "my_vcn",
      "provider": "provider[\"registry.terraform.io/oracle/oci\"]",
      "instances": [
        {
          "schema_version": 0,
          "attributes": {
            "byoipv6cidr_blocks": [],
            "byoipv6cidr_details": null,
            "cidr_block": "192.168.0.0/16",
            "cidr_blocks": [
              "192.168.0.0/16"
            ],
            "compartment_id": "ocid1.compartment.oc1..aaaaaaaauxvgnp5vzih26vddlz5dcsp54jo7yyypec4amf473t2bpe4w7h2q",
            "default_dhcp_options_id": "ocid1.dhcpoptions.oc1.phx.aaaaaaaaxyi3nplkfqhponwdhz5ezn2u43mlcx4ljhivmm747nnlj6timfdq",
            "default_route_table_id": "ocid1.routetable.oc1.phx.aaaaaaaaqdww5upby752fvu5nwgr6v4fr6el5qswxbhowtdapfa7ld2qk75q",
            "default_security_list_id": "ocid1.securitylist.oc1.phx.aaaaaaaarbpuwautmkkbjeux4ff3d6um2xwooxncrc4uqjjaogv7ojklwfpa",
            "defined_tags": {
              "Oracle-Tags.CreatedBy": "default/tfadmin",
              "Oracle-Tags.CreatedOn": "2025-01-02T14:27:34.585Z"
            },
            "display_name": "my_vcn",
            "dns_label": null,
            "freeform_tags": {},
            "id": "ocid1.vcn.oc1.phx.amaaaaaaojzvm7yadik4dpb7dt3m36kkr2f4m7teybznu4sizustiie2rgsq",
            "ipv6cidr_blocks": [],
            "ipv6private_cidr_blocks": [],
            "is_ipv6enabled": false,
            "is_oracle_gua_allocation_enabled": null,
            "security_attributes": {},
            "state": "AVAILABLE",
            "time_created": "2025-01-02 14:27:34.674 +0000 UTC",
            "timeouts": null,
            "vcn_domain_name": null
          },
          "sensitive_attributes": [],
          "private": "eyJlMmJmYjczMC1lY2FhLTExZTYtOGY4OC0zNDM2M2JjN2M0YzAiOnsiY3JlYXRlIjoxMjAwMDAwMDAwMDAwLCJkZWxldGUiOjEyMDAwMDAwMDAwMDAsInVwZGF0ZSI6MTIwMDAwMDAwMDAwMH19"
        }
      ]
    },
    {
      "mode": "managed",
      "type": "oci_objectstorage_bucket",
      "name": "mybucket",
      "provider": "provider[\"registry.terraform.io/oracle/oci\"]",
      "instances": [
        {
          "schema_version": 0,
          "attributes": {
            "access_type": "NoPublicAccess",
            "approximate_count": "0",
            "approximate_size": "0",
            "auto_tiering": "Disabled",
            "bucket_id": "ocid1.bucket.oc1.phx.aaaaaaaalmgehqxgkmudl4edawwvjktlh67vtkqct2ddzszoiuqxlmnzqv5q",
            "compartment_id": "ocid1.compartment.oc1..aaaaaaaauxvgnp5vzih26vddlz5dcsp54jo7yyypec4amf473t2bpe4w7h2q",
            "created_by": "ocid1.user.oc1..aaaaaaaaq2gvnwi3cw3nttgpxqvgysfnrvxxjrl6vnjecrevkpgt4t2cqybq",
            "defined_tags": {
              "Oracle-Tags.CreatedBy": "default/tfadmin",
              "Oracle-Tags.CreatedOn": "2025-01-02T14:27:34.669Z"
            },
            "etag": "f1dcd635-4127-4cac-97c5-3c5619896305",
            "freeform_tags": {},
            "id": "n/axfqpa6tb6cu/b/myociajay2024_test1",
            "is_read_only": false,
            "kms_key_id": null,
            "metadata": null,
            "name": "myociajay2024_test1",
            "namespace": "axfqpa6tb6cu",
            "object_events_enabled": false,
            "object_lifecycle_policy_etag": null,
            "replication_enabled": false,
            "retention_rules": [],
            "storage_tier": "Standard",
            "time_created": "2025-01-02 14:27:34.681 +0000 UTC",
            "timeouts": null,
            "versioning": "Disabled"
          },
          "sensitive_attributes": [],
          "private": "eyJlMmJmYjczMC1lY2FhLTExZTYtOGY4OC0zNDM2M2JjN2M0YzAiOnsiY3JlYXRlIjoxMjAwMDAwMDAwMDAwLCJkZWxldGUiOjEyMDAwMDAwMDAwMDAsInVwZGF0ZSI6MTIwMDAwMDAwMDAwMH19"
        }
      ]
    }
  ],
  "check_results": null
}
